
Microsoft Visual Studio Solution File, Format Version 12.00
# Visual Studio Version 17
VisualStudioVersion = 17.11.35222.181
MinimumVisualStudioVersion = 10.0.40219.1
Project("{FAE04EC0-301F-11D3-BF4B-00C04F79EFBC}") = "formation", "formation.csproj", "{6DAF0242-AD38-40A6-A3DB-AC82F619F8E3}"
EndProject
Global
	GlobalSection(SolutionConfigurationPlatforms) = preSolution
		Debug|Any CPU = Debug|Any CPU
		Release|Any CPU = Release|Any CPU
	EndGlobalSection
	GlobalSection(ProjectConfigurationPlatforms) = postSolution
		{6DAF0242-AD38-40A6-A3DB-AC82F619F8E3}.Debug|Any CPU.ActiveCfg = Debug|Any CPU
		{6DAF0242-AD38-40A6-A3DB-AC82F619F8E3}.Debug|Any CPU.Build.0 = Debug|Any CPU
		{6DAF0242-AD38-40A6-A3DB-AC82F619F8E3}.Release|Any CPU.ActiveCfg = Release|Any CPU
		{6DAF0242-AD38-40A6-A3DB-AC82F619F8E3}.Release|Any CPU.Build.0 = Release|Any CPU
	EndGlobalSection
	GlobalSection(SolutionProperties) = preSolution
		HideSolutionNode = FALSE
	EndGlobalSection
	GlobalSection(ExtensibilityGlobals) = postSolution
		SolutionGuid = {420FE64F-F238-41E6-A8D8-8EA693168BEB}
	EndGlobalSection
EndGlobal
